
Microsoft Visual Studio Solution File, Format Version 12.00
# Visual Studio Version 17
VisualStudioVersion = 17.0.32014.148
MinimumVisualStudioVersion = 10.0.40219.1
Project("{9A19103F-16F7-4668-BE54-9A1E7A4F7556}") = "GuineaPig", "GuineaPig\GuineaPig.csproj", "{22B3BB40-4762-46DA-BEA1-A4634FBA4D28}"
EndProject
Global
	GlobalSection(SolutionConfigurationPlatforms) = preSolution
		Debug|Any CPU = Debug|Any CPU
		Release|Any CPU = Release|Any CPU
	EndGlobalSection
	GlobalSection(ProjectConfigurationPlatforms) = postSolution
		{22B3BB40-4762-46DA-BEA1-A4634FBA4D28}.Debug|Any CPU.ActiveCfg = Debug|Any CPU
		{22B3BB40-4762-46DA-BEA1-A4634FBA4D28}.Debug|Any CPU.Build.0 = Debug|Any CPU
		{22B3BB40-4762-46DA-BEA1-A4634FBA4D28}.Release|Any CPU.ActiveCfg = Release|Any CPU
		{22B3BB40-4762-46DA-BEA1-A4634FBA4D28}.Release|Any CPU.Build.0 = Release|Any CPU
	EndGlobalSection
	GlobalSection(SolutionProperties) = preSolution
		HideSolutionNode = FALSE
	EndGlobalSection
	GlobalSection(ExtensibilityGlobals) = postSolution
		SolutionGuid = {8A9BFE00-1F7A-47DE-B768-4F3642075E6F}
	EndGlobalSection
EndGlobal
